// !$*UTF8*$!
{
	archiveVersion = 1;
	classes = {
	};
	objectVersion = 56;
	objects = {

/* Begin PBXBuildFile section */
		46301A822A3BFF140048D774 /* ANRectangleView.swift in Sources */ = {isa = PBXBuildFile; fileRef = 46301A812A3BFF140048D774 /* ANRectangleView.swift */; };
		46301A882A3C0CAD0048D774 /* GeneralDataFunction.swift in Sources */ = {isa = PBXBuildFile; fileRef = 46301A872A3C0CAD0048D774 /* GeneralDataFunction.swift */; };
		46301A8B2A3E0FFC0048D774 /* EasyAnswer.swift in Sources */ = {isa = PBXBuildFile; fileRef = 46301A8A2A3E0FFC0048D774 /* EasyAnswer.swift */; };
		46301A8D2A3E11960048D774 /* MediumAnswer.swift in Sources */ = {isa = PBXBuildFile; fileRef = 46301A8C2A3E11960048D774 /* MediumAnswer.swift */; };
		46301A8F2A3E11F70048D774 /* HardAnswer.swift in Sources */ = {isa = PBXBuildFile; fileRef = 46301A8E2A3E11F70048D774 /* HardAnswer.swift */; };
		46301A912A3E15820048D774 /* EasyButton.swift in Sources */ = {isa = PBXBuildFile; fileRef = 46301A902A3E15820048D774 /* EasyButton.swift */; };
		46301A932A3E17FC0048D774 /* ANBtnView.swift in Sources */ = {isa = PBXBuildFile; fileRef = 46301A922A3E17FC0048D774 /* ANBtnView.swift */; };
		46301A952A3E1B200048D774 /* MediumButton.swift in Sources */ = {isa = PBXBuildFile; fileRef = 46301A942A3E1B200048D774 /* MediumButton.swift */; };
		46301A972A3E1C220048D774 /* HardButton.swift in Sources */ = {isa = PBXBuildFile; fileRef = 46301A962A3E1C220048D774 /* HardButton.swift */; };
		46301A992A3E2D4B0048D774 /* ANLeaderboardDetailView.swift in Sources */ = {isa = PBXBuildFile; fileRef = 46301A982A3E2D4B0048D774 /* ANLeaderboardDetailView.swift */; };
		46301A9C2A3E2FD90048D774 /* PopUpPause.swift in Sources */ = {isa = PBXBuildFile; fileRef = 46301A9B2A3E2FD90048D774 /* PopUpPause.swift */; };
		46301A9E2A3E30660048D774 /* PopUpDone.swift in Sources */ = {isa = PBXBuildFile; fileRef = 46301A9D2A3E30660048D774 /* PopUpDone.swift */; };
		46301AA02A3E30A90048D774 /* PopUpStart.swift in Sources */ = {isa = PBXBuildFile; fileRef = 46301A9F2A3E30A90048D774 /* PopUpStart.swift */; };
		46301AA22A3E30E20048D774 /* LeaderBoard.swift in Sources */ = {isa = PBXBuildFile; fileRef = 46301AA12A3E30E20048D774 /* LeaderBoard.swift */; };
		46301AA42A3E311B0048D774 /* PopUpBack.swift in Sources */ = {isa = PBXBuildFile; fileRef = 46301AA32A3E311B0048D774 /* PopUpBack.swift */; };
		46301AA62A3E315C0048D774 /* Shopping.swift in Sources */ = {isa = PBXBuildFile; fileRef = 46301AA52A3E315C0048D774 /* Shopping.swift */; };
		46301AAC2A40135D0048D774 /* Cloudkit.swift in Sources */ = {isa = PBXBuildFile; fileRef = 46301AAB2A40135D0048D774 /* Cloudkit.swift */; };
		464F3C4429E6D2BF0053308C /* GeneralFunc.swift in Sources */ = {isa = PBXBuildFile; fileRef = 464F3C4329E6D2BF0053308C /* GeneralFunc.swift */; };
		464F3C4C29E8034E0053308C /* LeaderBoardDetail.swift in Sources */ = {isa = PBXBuildFile; fileRef = 464F3C4B29E8034E0053308C /* LeaderBoardDetail.swift */; };
		465788D72A41EBA10021F0CD /* PropertyList.plist in Resources */ = {isa = PBXBuildFile; fileRef = 465788D62A41EBA10021F0CD /* PropertyList.plist */; };
		465788D92A41EC590021F0CD /* StoreKitManager.swift in Sources */ = {isa = PBXBuildFile; fileRef = 465788D82A41EC590021F0CD /* StoreKitManager.swift */; };
		465C1AE729F7F51B00FB61D3 /* DataController.swift in Sources */ = {isa = PBXBuildFile; fileRef = 465C1AE629F7F51B00FB61D3 /* DataController.swift */; };
		467FAAA629EED8BF00D94492 /* countdown.mp3 in Resources */ = {isa = PBXBuildFile; fileRef = 467FAAA529EED8BF00D94492 /* countdown.mp3 */; };
		467FAAA829EED92800D94492 /* TutorialScreen.swift in Sources */ = {isa = PBXBuildFile; fileRef = 467FAAA729EED92800D94492 /* TutorialScreen.swift */; };
		46FB82A529DBFBED00EF4571 /* Match_MatrixApp.swift in Sources */ = {isa = PBXBuildFile; fileRef = 46FB82A429DBFBED00EF4571 /* Match_MatrixApp.swift */; };
		46FB82A729DBFBED00EF4571 /* ContentView.swift in Sources */ = {isa = PBXBuildFile; fileRef = 46FB82A629DBFBED00EF4571 /* ContentView.swift */; };
		46FB82A929DBFBEE00EF4571 /* Assets.xcassets in Resources */ = {isa = PBXBuildFile; fileRef = 46FB82A829DBFBEE00EF4571 /* Assets.xcassets */; };
		46FB82AC29DBFBEE00EF4571 /* Preview Assets.xcassets in Resources */ = {isa = PBXBuildFile; fileRef = 46FB82AB29DBFBEE00EF4571 /* Preview Assets.xcassets */; };
		46FB82B329DC201700EF4571 /* HomeScreen.swift in Sources */ = {isa = PBXBuildFile; fileRef = 46FB82B229DC201700EF4571 /* HomeScreen.swift */; };
		46FD09B529FBB22A00BC567A /* MatrixData.xcdatamodeld in Sources */ = {isa = PBXBuildFile; fileRef = 46FD09B329FBB22A00BC567A /* MatrixData.xcdatamodeld */; };
/* End PBXBuildFile section */

/* Begin PBXFileReference section */
		46301A812A3BFF140048D774 /* ANRectangleView.swift */ = {isa = PBXFileReference; lastKnownFileType = sourcecode.swift; path = ANRectangleView.swift; sourceTree = "<group>"; };
		46301A872A3C0CAD0048D774 /* GeneralDataFunction.swift */ = {isa = PBXFileReference; lastKnownFileType = sourcecode.swift; path = GeneralDataFunction.swift; sourceTree = "<group>"; };
		46301A8A2A3E0FFC0048D774 /* EasyAnswer.swift */ = {isa = PBXFileReference; lastKnownFileType = sourcecode.swift; path = EasyAnswer.swift; sourceTree = "<group>"; };
		46301A8C2A3E11960048D774 /* MediumAnswer.swift */ = {isa = PBXFileReference; lastKnownFileType = sourcecode.swift; path = MediumAnswer.swift; sourceTree = "<group>"; };
		46301A8E2A3E11F70048D774 /* HardAnswer.swift */ = {isa = PBXFileReference; lastKnownFileType = sourcecode.swift; path = HardAnswer.swift; sourceTree = "<group>"; };
		46301A902A3E15820048D774 /* EasyButton.swift */ = {isa = PBXFileReference; lastKnownFileType = sourcecode.swift; path = EasyButton.swift; sourceTree = "<group>"; };
		46301A922A3E17FC0048D774 /* ANBtnView.swift */ = {isa = PBXFileReference; lastKnownFileType = sourcecode.swift; path = ANBtnView.swift; sourceTree = "<group>"; };
		46301A942A3E1B200048D774 /* MediumButton.swift */ = {isa = PBXFileReference; lastKnownFileType = sourcecode.swift; path = MediumButton.swift; sourceTree = "<group>"; };
		46301A962A3E1C220048D774 /* HardButton.swift */ = {isa = PBXFileReference; lastKnownFileType = sourcecode.swift; path = HardButton.swift; sourceTree = "<group>"; };
		46301A982A3E2D4B0048D774 /* ANLeaderboardDetailView.swift */ = {isa = PBXFileReference; lastKnownFileType = sourcecode.swift; path = ANLeaderboardDetailView.swift; sourceTree = "<group>"; };
		46301A9B2A3E2FD90048D774 /* PopUpPause.swift */ = {isa = PBXFileReference; lastKnownFileType = sourcecode.swift; path = PopUpPause.swift; sourceTree = "<group>"; };
		46301A9D2A3E30660048D774 /* PopUpDone.swift */ = {isa = PBXFileReference; lastKnownFileType = sourcecode.swift; path = PopUpDone.swift; sourceTree = "<group>"; };
		46301A9F2A3E30A90048D774 /* PopUpStart.swift */ = {isa = PBXFileReference; lastKnownFileType = sourcecode.swift; path = PopUpStart.swift; sourceTree = "<group>"; };
		46301AA12A3E30E20048D774 /* LeaderBoard.swift */ = {isa = PBXFileReference; lastKnownFileType = sourcecode.swift; path = LeaderBoard.swift; sourceTree = "<group>"; };
		46301AA32A3E311B0048D774 /* PopUpBack.swift */ = {isa = PBXFileReference; lastKnownFileType = sourcecode.swift; path = PopUpBack.swift; sourceTree = "<group>"; };
		46301AA52A3E315C0048D774 /* Shopping.swift */ = {isa = PBXFileReference; lastKnownFileType = sourcecode.swift; path = Shopping.swift; sourceTree = "<group>"; };
		46301AAB2A40135D0048D774 /* Cloudkit.swift */ = {isa = PBXFileReference; fileEncoding = 4; lastKnownFileType = sourcecode.swift; path = Cloudkit.swift; sourceTree = "<group>"; };
		464F3C4329E6D2BF0053308C /* GeneralFunc.swift */ = {isa = PBXFileReference; lastKnownFileType = sourcecode.swift; path = GeneralFunc.swift; sourceTree = "<group>"; };
		464F3C4B29E8034E0053308C /* LeaderBoardDetail.swift */ = {isa = PBXFileReference; lastKnownFileType = sourcecode.swift; path = LeaderBoardDetail.swift; sourceTree = "<group>"; };
		465788D42A41E81F0021F0CD /* Matrix Mania.storekit */ = {isa = PBXFileReference; lastKnownFileType = text; path = "Matrix Mania.storekit"; sourceTree = "<group>"; };
		465788D62A41EBA10021F0CD /* PropertyList.plist */ = {isa = PBXFileReference; lastKnownFileType = text.plist.xml; path = PropertyList.plist; sourceTree = "<group>"; };
		465788D82A41EC590021F0CD /* StoreKitManager.swift */ = {isa = PBXFileReference; lastKnownFileType = sourcecode.swift; path = StoreKitManager.swift; sourceTree = "<group>"; };
		465C1AE629F7F51B00FB61D3 /* DataController.swift */ = {isa = PBXFileReference; lastKnownFileType = sourcecode.swift; path = DataController.swift; sourceTree = "<group>"; };
		465D459F2A2F7A31008C508B /* Match MatrixDebug.entitlements */ = {isa = PBXFileReference; lastKnownFileType = text.plist.entitlements; path = "Match MatrixDebug.entitlements"; sourceTree = "<group>"; };
		467FAAA529EED8BF00D94492 /* countdown.mp3 */ = {isa = PBXFileReference; lastKnownFileType = audio.mp3; path = countdown.mp3; sourceTree = "<group>"; };
		467FAAA729EED92800D94492 /* TutorialScreen.swift */ = {isa = PBXFileReference; lastKnownFileType = sourcecode.swift; path = TutorialScreen.swift; sourceTree = "<group>"; };
		46FB82A129DBFBED00EF4571 /* Match Matrix.app */ = {isa = PBXFileReference; explicitFileType = wrapper.application; includeInIndex = 0; path = "Match Matrix.app"; sourceTree = BUILT_PRODUCTS_DIR; };
		46FB82A429DBFBED00EF4571 /* Match_MatrixApp.swift */ = {isa = PBXFileReference; lastKnownFileType = sourcecode.swift; path = Match_MatrixApp.swift; sourceTree = "<group>"; };
		46FB82A629DBFBED00EF4571 /* ContentView.swift */ = {isa = PBXFileReference; lastKnownFileType = sourcecode.swift; path = ContentView.swift; sourceTree = "<group>"; };
		46FB82A829DBFBEE00EF4571 /* Assets.xcassets */ = {isa = PBXFileReference; lastKnownFileType = folder.assetcatalog; path = Assets.xcassets; sourceTree = "<group>"; };
		46FB82AB29DBFBEE00EF4571 /* Preview Assets.xcassets */ = {isa = PBXFileReference; lastKnownFileType = folder.assetcatalog; path = "Preview Assets.xcassets"; sourceTree = "<group>"; };
		46FB82B229DC201700EF4571 /* HomeScreen.swift */ = {isa = PBXFileReference; lastKnownFileType = sourcecode.swift; path = HomeScreen.swift; sourceTree = "<group>"; };
		46FD09B429FBB22A00BC567A /* MatrixData.xcdatamodel */ = {isa = PBXFileReference; lastKnownFileType = wrapper.xcdatamodel; path = MatrixData.xcdatamodel; sourceTree = "<group>"; };
/* End PBXFileReference section */

/* Begin PBXFrameworksBuildPhase section */
		46FB829E29DBFBED00EF4571 /* Frameworks */ = {
			isa = PBXFrameworksBuildPhase;
			buildActionMask = 2147483647;
			files = (
			);
			runOnlyForDeploymentPostprocessing = 0;
		};
/* End PBXFrameworksBuildPhase section */

/* Begin PBXGroup section */
		460F5A1A29EC1C0400D6EF4A /* Sound */ = {
			isa = PBXGroup;
			children = (
				467FAAA529EED8BF00D94492 /* countdown.mp3 */,
			);
			path = Sound;
			sourceTree = "<group>";
		};
		46301A802A3BFE5E0048D774 /* Component */ = {
			isa = PBXGroup;
			children = (
				46301A812A3BFF140048D774 /* ANRectangleView.swift */,
				46301A922A3E17FC0048D774 /* ANBtnView.swift */,
				46301A982A3E2D4B0048D774 /* ANLeaderboardDetailView.swift */,
			);
			path = Component;
			sourceTree = "<group>";
		};
		46301A892A3E0FC30048D774 /* SubScreen */ = {
			isa = PBXGroup;
			children = (
				46301A8A2A3E0FFC0048D774 /* EasyAnswer.swift */,
				46301A8C2A3E11960048D774 /* MediumAnswer.swift */,
				46301A8E2A3E11F70048D774 /* HardAnswer.swift */,
				46301A902A3E15820048D774 /* EasyButton.swift */,
				46301A942A3E1B200048D774 /* MediumButton.swift */,
				46301A962A3E1C220048D774 /* HardButton.swift */,
			);
			path = SubScreen;
			sourceTree = "<group>";
		};
		46301A9A2A3E2F920048D774 /* PopUpScreen */ = {
			isa = PBXGroup;
			children = (
				46301A9B2A3E2FD90048D774 /* PopUpPause.swift */,
				46301A9D2A3E30660048D774 /* PopUpDone.swift */,
				46301A9F2A3E30A90048D774 /* PopUpStart.swift */,
				46301AA12A3E30E20048D774 /* LeaderBoard.swift */,
				46301AA32A3E311B0048D774 /* PopUpBack.swift */,
				46301AA52A3E315C0048D774 /* Shopping.swift */,
				464F3C4B29E8034E0053308C /* LeaderBoardDetail.swift */,
			);
			path = PopUpScreen;
			sourceTree = "<group>";
		};
		46301AAA2A40135D0048D774 /* CloudKit */ = {
			isa = PBXGroup;
			children = (
				46301AAB2A40135D0048D774 /* Cloudkit.swift */,
			);
			path = CloudKit;
			sourceTree = "<group>";
		};
		465788D52A41EB7C0021F0CD /* Resources */ = {
			isa = PBXGroup;
			children = (
				465788D42A41E81F0021F0CD /* Matrix Mania.storekit */,
				465788D62A41EBA10021F0CD /* PropertyList.plist */,
				465788D82A41EC590021F0CD /* StoreKitManager.swift */,
			);
			path = Resources;
			sourceTree = "<group>";
		};
		465C1AE829F7FCBC00FB61D3 /* DataModel */ = {
			isa = PBXGroup;
			children = (
				46FD09B329FBB22A00BC567A /* MatrixData.xcdatamodeld */,
			);
			path = DataModel;
			sourceTree = "<group>";
		};
		465C1AE929F7FCD700FB61D3 /* DataController */ = {
			isa = PBXGroup;
			children = (
				465C1AE629F7F51B00FB61D3 /* DataController.swift */,
				46301A872A3C0CAD0048D774 /* GeneralDataFunction.swift */,
			);
			path = DataController;
			sourceTree = "<group>";
		};
		465C1AEA29F7FCEE00FB61D3 /* Screen */ = {
			isa = PBXGroup;
			children = (
				467FAAA729EED92800D94492 /* TutorialScreen.swift */,
				46FB82B229DC201700EF4571 /* HomeScreen.swift */,
				46FB82A629DBFBED00EF4571 /* ContentView.swift */,
			);
			path = Screen;
			sourceTree = "<group>";
		};
		46FB829829DBFBED00EF4571 = {
			isa = PBXGroup;
			children = (
				46FB82A329DBFBED00EF4571 /* Match Matrix */,
				46FB82A229DBFBED00EF4571 /* Products */,
			);
			sourceTree = "<group>";
		};
		46FB82A229DBFBED00EF4571 /* Products */ = {
			isa = PBXGroup;
			children = (
				46FB82A129DBFBED00EF4571 /* Match Matrix.app */,
			);
			name = Products;
			sourceTree = "<group>";
		};
		46FB82A329DBFBED00EF4571 /* Match Matrix */ = {
			isa = PBXGroup;
			children = (
				465788D52A41EB7C0021F0CD /* Resources */,
				46301AAA2A40135D0048D774 /* CloudKit */,
				465D459F2A2F7A31008C508B /* Match MatrixDebug.entitlements */,
				46301A802A3BFE5E0048D774 /* Component */,
				465C1AEA29F7FCEE00FB61D3 /* Screen */,
				46301A9A2A3E2F920048D774 /* PopUpScreen */,
				46301A892A3E0FC30048D774 /* SubScreen */,
				465C1AE929F7FCD700FB61D3 /* DataController */,
				465C1AE829F7FCBC00FB61D3 /* DataModel */,
				464F3C4329E6D2BF0053308C /* GeneralFunc.swift */,
				46FB82A429DBFBED00EF4571 /* Match_MatrixApp.swift */,
				46FB82A829DBFBEE00EF4571 /* Assets.xcassets */,
				460F5A1A29EC1C0400D6EF4A /* Sound */,
				46FB82AA29DBFBEE00EF4571 /* Preview Content */,
			);
			path = "Match Matrix";
			sourceTree = "<group>";
		};
		46FB82AA29DBFBEE00EF4571 /* Preview Content */ = {
			isa = PBXGroup;
			children = (
				46FB82AB29DBFBEE00EF4571 /* Preview Assets.xcassets */,
			);
			path = "Preview Content";
			sourceTree = "<group>";
		};
/* End PBXGroup section */

/* Begin PBXNativeTarget section */
		46FB82A029DBFBED00EF4571 /* Match Matrix */ = {
			isa = PBXNativeTarget;
			buildConfigurationList = 46FB82AF29DBFBEE00EF4571 /* Build configuration list for PBXNativeTarget "Match Matrix" */;
			buildPhases = (
				46FB829D29DBFBED00EF4571 /* Sources */,
				46FB829E29DBFBED00EF4571 /* Frameworks */,
				46FB829F29DBFBED00EF4571 /* Resources */,
			);
			buildRules = (
			);
			dependencies = (
			);
			name = "Match Matrix";
			productName = "Match Matrix";
			productReference = 46FB82A129DBFBED00EF4571 /* Match Matrix.app */;
			productType = "com.apple.product-type.application";
		};
/* End PBXNativeTarget section */

/* Begin PBXProject section */
		46FB829929DBFBED00EF4571 /* Project object */ = {
			isa = PBXProject;
			attributes = {
				BuildIndependentTargetsInParallel = 1;
				LastSwiftUpdateCheck = 1420;
				LastUpgradeCheck = 1420;
				TargetAttributes = {
					46FB82A029DBFBED00EF4571 = {
						CreatedOnToolsVersion = 14.2;
					};
				};
			};
			buildConfigurationList = 46FB829C29DBFBED00EF4571 /* Build configuration list for PBXProject "Match Matrix" */;
			compatibilityVersion = "Xcode 14.0";
			developmentRegion = en;
			hasScannedForEncodings = 0;
			knownRegions = (
				en,
				Base,
			);
			mainGroup = 46FB829829DBFBED00EF4571;
			productRefGroup = 46FB82A229DBFBED00EF4571 /* Products */;
			projectDirPath = "";
			projectRoot = "";
			targets = (
				46FB82A029DBFBED00EF4571 /* Match Matrix */,
			);
		};
/* End PBXProject section */

/* Begin PBXResourcesBuildPhase section */
		46FB829F29DBFBED00EF4571 /* Resources */ = {
			isa = PBXResourcesBuildPhase;
			buildActionMask = 2147483647;
			files = (
				46FB82AC29DBFBEE00EF4571 /* Preview Assets.xcassets in Resources */,
				467FAAA629EED8BF00D94492 /* countdown.mp3 in Resources */,
				465788D72A41EBA10021F0CD /* PropertyList.plist in Resources */,
				46FB82A929DBFBEE00EF4571 /* Assets.xcassets in Resources */,
			);
			runOnlyForDeploymentPostprocessing = 0;
		};
/* End PBXResourcesBuildPhase section */

/* Begin PBXSourcesBuildPhase section */
		46FB829D29DBFBED00EF4571 /* Sources */ = {
			isa = PBXSourcesBuildPhase;
			buildActionMask = 2147483647;
			files = (
				46301A992A3E2D4B0048D774 /* ANLeaderboardDetailView.swift in Sources */,
				46301A972A3E1C220048D774 /* HardButton.swift in Sources */,
				464F3C4C29E8034E0053308C /* LeaderBoardDetail.swift in Sources */,
				46301A8F2A3E11F70048D774 /* HardAnswer.swift in Sources */,
				46301A822A3BFF140048D774 /* ANRectangleView.swift in Sources */,
				464F3C4429E6D2BF0053308C /* GeneralFunc.swift in Sources */,
				46301A9C2A3E2FD90048D774 /* PopUpPause.swift in Sources */,
				46301AA22A3E30E20048D774 /* LeaderBoard.swift in Sources */,
				46301AA62A3E315C0048D774 /* Shopping.swift in Sources */,
				46301A912A3E15820048D774 /* EasyButton.swift in Sources */,
				46301A9E2A3E30660048D774 /* PopUpDone.swift in Sources */,
				46301AA02A3E30A90048D774 /* PopUpStart.swift in Sources */,
				46301A8D2A3E11960048D774 /* MediumAnswer.swift in Sources */,
				46FB82A729DBFBED00EF4571 /* ContentView.swift in Sources */,
				46301AA42A3E311B0048D774 /* PopUpBack.swift in Sources */,
				46301A932A3E17FC0048D774 /* ANBtnView.swift in Sources */,
				467FAAA829EED92800D94492 /* TutorialScreen.swift in Sources */,
				465C1AE729F7F51B00FB61D3 /* DataController.swift in Sources */,
				46301A952A3E1B200048D774 /* MediumButton.swift in Sources */,
				46FB82A529DBFBED00EF4571 /* Match_MatrixApp.swift in Sources */,
				46FD09B529FBB22A00BC567A /* MatrixData.xcdatamodeld in Sources */,
				46301A882A3C0CAD0048D774 /* GeneralDataFunction.swift in Sources */,
				465788D92A41EC590021F0CD /* StoreKitManager.swift in Sources */,
				46FB82B329DC201700EF4571 /* HomeScreen.swift in Sources */,
				46301A8B2A3E0FFC0048D774 /* EasyAnswer.swift in Sources */,
				46301AAC2A40135D0048D774 /* Cloudkit.swift in Sources */,
			);
			runOnlyForDeploymentPostprocessing = 0;
		};
/* End PBXSourcesBuildPhase section */

/* Begin XCBuildConfiguration section */
		46FB82AD29DBFBEE00EF4571 /* Debug */ = {
			isa = XCBuildConfiguration;
			buildSettings = {
				ALWAYS_SEARCH_USER_PATHS = NO;
				CLANG_ANALYZER_NONNULL = YES;
				CLANG_ANALYZER_NUMBER_OBJECT_CONVERSION = YES_AGGRESSIVE;
				CLANG_CXX_LANGUAGE_STANDARD = "gnu++20";
				CLANG_ENABLE_MODULES = YES;
				CLANG_ENABLE_OBJC_ARC = YES;
				CLANG_ENABLE_OBJC_WEAK = YES;
				CLANG_WARN_BLOCK_CAPTURE_AUTORELEASING = YES;
				CLANG_WARN_BOOL_CONVERSION = YES;
				CLANG_WARN_COMMA = YES;
				CLANG_WARN_CONSTANT_CONVERSION = YES;
				CLANG_WARN_DEPRECATED_OBJC_IMPLEMENTATIONS = YES;
				CLANG_WARN_DIRECT_OBJC_ISA_USAGE = YES_ERROR;
				CLANG_WARN_DOCUMENTATION_COMMENTS = YES;
				CLANG_WARN_EMPTY_BODY = YES;
				CLANG_WARN_ENUM_CONVERSION = YES;
				CLANG_WARN_INFINITE_RECURSION = YES;
				CLANG_WARN_INT_CONVERSION = YES;
				CLANG_WARN_NON_LITERAL_NULL_CONVERSION = YES;
				CLANG_WARN_OBJC_IMPLICIT_RETAIN_SELF = YES;
				CLANG_WARN_OBJC_LITERAL_CONVERSION = YES;
				CLANG_WARN_OBJC_ROOT_CLASS = YES_ERROR;
				CLANG_WARN_QUOTED_INCLUDE_IN_FRAMEWORK_HEADER = YES;
				CLANG_WARN_RANGE_LOOP_ANALYSIS = YES;
				CLANG_WARN_STRICT_PROTOTYPES = YES;
				CLANG_WARN_SUSPICIOUS_MOVE = YES;
				CLANG_WARN_UNGUARDED_AVAILABILITY = YES_AGGRESSIVE;
				CLANG_WARN_UNREACHABLE_CODE = YES;
				CLANG_WARN__DUPLICATE_METHOD_MATCH = YES;
				COPY_PHASE_STRIP = NO;
				DEBUG_INFORMATION_FORMAT = dwarf;
				ENABLE_STRICT_OBJC_MSGSEND = YES;
				ENABLE_TESTABILITY = YES;
				GCC_C_LANGUAGE_STANDARD = gnu11;
				GCC_DYNAMIC_NO_PIC = NO;
				GCC_NO_COMMON_BLOCKS = YES;
				GCC_OPTIMIZATION_LEVEL = 0;
				GCC_PREPROCESSOR_DEFINITIONS = (
					"DEBUG=1",
					"$(inherited)",
				);
				GCC_WARN_64_TO_32_BIT_CONVERSION = YES;
				GCC_WARN_ABOUT_RETURN_TYPE = YES_ERROR;
				GCC_WARN_UNDECLARED_SELECTOR = YES;
				GCC_WARN_UNINITIALIZED_AUTOS = YES_AGGRESSIVE;
				GCC_WARN_UNUSED_FUNCTION = YES;
				GCC_WARN_UNUSED_VARIABLE = YES;
				IPHONEOS_DEPLOYMENT_TARGET = 16.2;
				MTL_ENABLE_DEBUG_INFO = INCLUDE_SOURCE;
				MTL_FAST_MATH = YES;
				ONLY_ACTIVE_ARCH = YES;
				SDKROOT = iphoneos;
				SWIFT_ACTIVE_COMPILATION_CONDITIONS = DEBUG;
				SWIFT_OPTIMIZATION_LEVEL = "-Onone";
			};
			name = Debug;
		};
		46FB82AE29DBFBEE00EF4571 /* Release */ = {
			isa = XCBuildConfiguration;
			buildSettings = {
				ALWAYS_SEARCH_USER_PATHS = NO;
				CLANG_ANALYZER_NONNULL = YES;
				CLANG_ANALYZER_NUMBER_OBJECT_CONVERSION = YES_AGGRESSIVE;
				CLANG_CXX_LANGUAGE_STANDARD = "gnu++20";
				CLANG_ENABLE_MODULES = YES;
				CLANG_ENABLE_OBJC_ARC = YES;
				CLANG_ENABLE_OBJC_WEAK = YES;
				CLANG_WARN_BLOCK_CAPTURE_AUTORELEASING = YES;
				CLANG_WARN_BOOL_CONVERSION = YES;
				CLANG_WARN_COMMA = YES;
				CLANG_WARN_CONSTANT_CONVERSION = YES;
				CLANG_WARN_DEPRECATED_OBJC_IMPLEMENTATIONS = YES;
				CLANG_WARN_DIRECT_OBJC_ISA_USAGE = YES_ERROR;
				CLANG_WARN_DOCUMENTATION_COMMENTS = YES;
				CLANG_WARN_EMPTY_BODY = YES;
				CLANG_WARN_ENUM_CONVERSION = YES;
				CLANG_WARN_INFINITE_RECURSION = YES;
				CLANG_WARN_INT_CONVERSION = YES;
				CLANG_WARN_NON_LITERAL_NULL_CONVERSION = YES;
				CLANG_WARN_OBJC_IMPLICIT_RETAIN_SELF = YES;
				CLANG_WARN_OBJC_LITERAL_CONVERSION = YES;
				CLANG_WARN_OBJC_ROOT_CLASS = YES_ERROR;
				CLANG_WARN_QUOTED_INCLUDE_IN_FRAMEWORK_HEADER = YES;
				CLANG_WARN_RANGE_LOOP_ANALYSIS = YES;
				CLANG_WARN_STRICT_PROTOTYPES = YES;
				CLANG_WARN_SUSPICIOUS_MOVE = YES;
				CLANG_WARN_UNGUARDED_AVAILABILITY = YES_AGGRESSIVE;
				CLANG_WARN_UNREACHABLE_CODE = YES;
				CLANG_WARN__DUPLICATE_METHOD_MATCH = YES;
				COPY_PHASE_STRIP = NO;
				DEBUG_INFORMATION_FORMAT = "dwarf-with-dsym";
				ENABLE_NS_ASSERTIONS = NO;
				ENABLE_STRICT_OBJC_MSGSEND = YES;
				GCC_C_LANGUAGE_STANDARD = gnu11;
				GCC_NO_COMMON_BLOCKS = YES;
				GCC_WARN_64_TO_32_BIT_CONVERSION = YES;
				GCC_WARN_ABOUT_RETURN_TYPE = YES_ERROR;
				GCC_WARN_UNDECLARED_SELECTOR = YES;
				GCC_WARN_UNINITIALIZED_AUTOS = YES_AGGRESSIVE;
				GCC_WARN_UNUSED_FUNCTION = YES;
				GCC_WARN_UNUSED_VARIABLE = YES;
				IPHONEOS_DEPLOYMENT_TARGET = 16.2;
				MTL_ENABLE_DEBUG_INFO = NO;
				MTL_FAST_MATH = YES;
				SDKROOT = iphoneos;
				SWIFT_COMPILATION_MODE = wholemodule;
				SWIFT_OPTIMIZATION_LEVEL = "-O";
				VALIDATE_PRODUCT = YES;
			};
			name = Release;
		};
		46FB82B029DBFBEE00EF4571 /* Debug */ = {
			isa = XCBuildConfiguration;
			buildSettings = {
				ASSETCATALOG_COMPILER_APPICON_NAME = AppIcon;
				ASSETCATALOG_COMPILER_GLOBAL_ACCENT_COLOR_NAME = AccentColor;
				ASSETCATALOG_COMPILER_INCLUDE_ALL_APPICON_ASSETS = NO;
				CODE_SIGN_ENTITLEMENTS = "Match Matrix/Match MatrixDebug.entitlements";
				CODE_SIGN_IDENTITY = "Apple Development";
				CODE_SIGN_STYLE = Automatic;
				CURRENT_PROJECT_VERSION = 1;
				DEVELOPMENT_ASSET_PATHS = "\"Match Matrix/Preview Content\"";
				DEVELOPMENT_TEAM = 365WJYN4LU;
				ENABLE_PREVIEWS = YES;
				GENERATE_INFOPLIST_FILE = YES;
				INFOPLIST_FILE = "Match-Matrix-Info.plist";
				INFOPLIST_KEY_CFBundleDisplayName = "Matrix Mania";
				INFOPLIST_KEY_LSApplicationCategoryType = "public.app-category.puzzle-games";
				INFOPLIST_KEY_UIApplicationSceneManifest_Generation = YES;
				INFOPLIST_KEY_UIApplicationSupportsIndirectInputEvents = YES;
				INFOPLIST_KEY_UILaunchScreen_Generation = YES;
				INFOPLIST_KEY_UISupportedInterfaceOrientations = UIInterfaceOrientationPortrait;
				LD_RUNPATH_SEARCH_PATHS = (
					"$(inherited)",
					"@executable_path/Frameworks",
				);
				MARKETING_VERSION = 1.1;
				PRODUCT_BUNDLE_IDENTIFIER = "com.appledeveloperacademy.www.Match-Matrix";
				PRODUCT_NAME = "$(TARGET_NAME)";
				PROVISIONING_PROFILE_SPECIFIER = "";
				SWIFT_EMIT_LOC_STRINGS = YES;
				SWIFT_VERSION = 5.0;
				TARGETED_DEVICE_FAMILY = "1,2";
			};
			name = Debug;
		};
		46FB82B129DBFBEE00EF4571 /* Release */ = {
			isa = XCBuildConfiguration;
			buildSettings = {
				ASSETCATALOG_COMPILER_APPICON_NAME = AppIcon;
				ASSETCATALOG_COMPILER_GLOBAL_ACCENT_COLOR_NAME = AccentColor;
				ASSETCATALOG_COMPILER_INCLUDE_ALL_APPICON_ASSETS = NO;
				CODE_SIGN_ENTITLEMENTS = "Match Matrix/Match Matrix.entitlements";
				CODE_SIGN_IDENTITY = "Apple Development";
				CODE_SIGN_STYLE = Automatic;
				CURRENT_PROJECT_VERSION = 1;
				DEVELOPMENT_ASSET_PATHS = "\"Match Matrix/Preview Content\"";
				DEVELOPMENT_TEAM = 365WJYN4LU;
				ENABLE_PREVIEWS = YES;
				GENERATE_INFOPLIST_FILE = YES;
				INFOPLIST_FILE = "Match-Matrix-Info.plist";
				INFOPLIST_KEY_CFBundleDisplayName = "Matrix Mania";
				INFOPLIST_KEY_LSApplicationCategoryType = "public.app-category.puzzle-games";
				INFOPLIST_KEY_UIApplicationSceneManifest_Generation = YES;
				INFOPLIST_KEY_UIApplicationSupportsIndirectInputEvents = YES;
				INFOPLIST_KEY_UILaunchScreen_Generation = YES;
				INFOPLIST_KEY_UISupportedInterfaceOrientations = UIInterfaceOrientationPortrait;
				LD_RUNPATH_SEARCH_PATHS = (
					"$(inherited)",
					"@executable_path/Frameworks",
				);
				MARKETING_VERSION = 1.1;
				PRODUCT_BUNDLE_IDENTIFIER = "com.appledeveloperacademy.www.Match-Matrix";
				PRODUCT_NAME = "$(TARGET_NAME)";
				PROVISIONING_PROFILE_SPECIFIER = "";
				SWIFT_EMIT_LOC_STRINGS = YES;
				SWIFT_VERSION = 5.0;
				TARGETED_DEVICE_FAMILY = "1,2";
			};
			name = Release;
		};
/* End XCBuildConfiguration section */

/* Begin XCConfigurationList section */
		46FB829C29DBFBED00EF4571 /* Build configuration list for PBXProject "Match Matrix" */ = {
			isa = XCConfigurationList;
			buildConfigurations = (
				46FB82AD29DBFBEE00EF4571 /* Debug */,
				46FB82AE29DBFBEE00EF4571 /* Release */,
			);
			defaultConfigurationIsVisible = 0;
			defaultConfigurationName = Release;
		};
		46FB82AF29DBFBEE00EF4571 /* Build configuration list for PBXNativeTarget "Match Matrix" */ = {
			isa = XCConfigurationList;
			buildConfigurations = (
				46FB82B029DBFBEE00EF4571 /* Debug */,
				46FB82B129DBFBEE00EF4571 /* Release */,
			);
			defaultConfigurationIsVisible = 0;
			defaultConfigurationName = Release;
		};
/* End XCConfigurationList section */

/* Begin XCVersionGroup section */
		46FD09B329FBB22A00BC567A /* MatrixData.xcdatamodeld */ = {
			isa = XCVersionGroup;
			children = (
				46FD09B429FBB22A00BC567A /* MatrixData.xcdatamodel */,
			);
			currentVersion = 46FD09B429FBB22A00BC567A /* MatrixData.xcdatamodel */;
			path = MatrixData.xcdatamodeld;
			sourceTree = "<group>";
			versionGroupType = wrapper.xcdatamodel;
		};
/* End XCVersionGroup section */
	};
	rootObject = 46FB829929DBFBED00EF4571 /* Project object */;
}
